
Microsoft Visual Studio Solution File, Format Version 12.00
# Visual Studio Version 16
VisualStudioVersion = 16.0.31105.61
MinimumVisualStudioVersion = 10.0.40219.1
Project("{FAE04EC0-301F-11D3-BF4B-00C04F79EFBC}") = "WeatherForecastApp", "WeatherForecastApp\WeatherForecastApp.csproj", "{EB38F67A-315B-411C-AE51-617559580543}"
EndProject
Project("{FAE04EC0-301F-11D3-BF4B-00C04F79EFBC}") = "WeatherForecastAppTests", "WeatherForecastAppTests\WeatherForecastAppTests.csproj", "{0589463D-DE59-473A-9F52-47DC5CAE526A}"
EndProject
Global
	GlobalSection(SolutionConfigurationPlatforms) = preSolution
		Debug|Any CPU = Debug|Any CPU
		Release|Any CPU = Release|Any CPU
	EndGlobalSection
	GlobalSection(ProjectConfigurationPlatforms) = postSolution
		{EB38F67A-315B-411C-AE51-617559580543}.Debug|Any CPU.ActiveCfg = Debug|Any CPU
		{EB38F67A-315B-411C-AE51-617559580543}.Debug|Any CPU.Build.0 = Debug|Any CPU
		{EB38F67A-315B-411C-AE51-617559580543}.Release|Any CPU.ActiveCfg = Release|Any CPU
		{EB38F67A-315B-411C-AE51-617559580543}.Release|Any CPU.Build.0 = Release|Any CPU
		{0589463D-DE59-473A-9F52-47DC5CAE526A}.Debug|Any CPU.ActiveCfg = Debug|Any CPU
		{0589463D-DE59-473A-9F52-47DC5CAE526A}.Debug|Any CPU.Build.0 = Debug|Any CPU
		{0589463D-DE59-473A-9F52-47DC5CAE526A}.Release|Any CPU.ActiveCfg = Release|Any CPU
		{0589463D-DE59-473A-9F52-47DC5CAE526A}.Release|Any CPU.Build.0 = Release|Any CPU
	EndGlobalSection
	GlobalSection(SolutionProperties) = preSolution
		HideSolutionNode = FALSE
	EndGlobalSection
	GlobalSection(ExtensibilityGlobals) = postSolution
		SolutionGuid = {03C7BB4A-2813-42CA-96EB-EA23FCFE0FF5}
	EndGlobalSection
EndGlobal
